<?xml version="1.0" encoding="utf-8"?>
<Project ToolsVersion="4.0" xmlns="http://schemas.microsoft.com/developer/msbuild/2003">
  <ItemGroup>
    <Filter Include="Resource Files">
      <UniqueIdentifier>{67DA6AB6-F800-4c08-8B7A-83BB121AAD01}</UniqueIdentifier>
      <Extensions>rc;ico;cur;bmp;dlg;rc2;rct;bin;rgs;gif;jpg;jpeg;jpe;resx;tiff;tif;png;wav;mfcribbon-ms</Extensions>
    </Filter>
    <Filter Include="Resource Files\Header Files">
      <UniqueIdentifier>{93995380-89BD-4b04-88EB-625FBE52EBFB}</UniqueIdentifier>
      <Extensions>h;hpp;hxx;hm;inl;inc;xsd</Extensions>
    </Filter>
    <Filter Include="Resource Files\Header Files\Source Files">
      <UniqueIdentifier>{4FC737F1-C7A5-4376-A066-2A32D752A2FF}</UniqueIdentifier>
      <Extensions>cpp;c;cc;cxx;def;odl;idl;hpj;bat;asm;asmx</Extensions>
    </Filter>
  </ItemGroup>
  <ItemGroup>
    <ClCompile Include="stb_image.c">
      <Filter>Resource Files\Header Files\Source Files</Filter>
    </ClCompile>
    <ClCompile Include="obj_loader.cpp">
      <Filter>Resource Files\Header Files\Source Files</Filter>
    </ClCompile>
    <ClCompile Include="scene.cpp">
      <Filter>Resource Files\Header Files\Source Files</Filter>
    </ClCompile>
    <ClCompile Include="shader.cpp">
      <Filter>Resource Files\Header Files\Source Files</Filter>
    </ClCompile>
    <ClCompile Include="shape.cpp">
      <Filter>Resource Files\Header Files\Source Files</Filter>
    </ClCompile>
    <ClCompile Include="texture.cpp">
      <Filter>Resource Files\Header Files\Source Files</Filter>
    </ClCompile>
    <ClCompile Include="mesh.cpp">
      <Filter>Resource Files\Header Files\Source Files</Filter>
    </ClCompile>
    <ClCompile Include="MovableGLM.cpp">
      <Filter>Resource Files\Header Files\Source Files</Filter>
    </ClCompile>
    <ClCompile Include="EulerAngles.cpp">
      <Filter>Resource Files\Header Files\Source Files</Filter>
    </ClCompile>
    <ClCompile Include="lineMesh.cpp">
      <Filter>Resource Files\Header Files\Source Files</Filter>
    </ClCompile>
    <ClCompile Include="curves.cpp">
      <Filter>Resource Files\Header Files\Source Files</Filter>
    </ClCompile>
    <ClCompile Include="..\display\kdtree.cpp">
      <Filter>Resource Files\Header Files\Source Files</Filter>
    </ClCompile>
    <ClCompile Include="obj_loader_parser.cpp">
      <Filter>Resource Files\Header Files\Source Files</Filter>
    </ClCompile>
  </ItemGroup>
  <ItemGroup>
    <ClInclude Include="shape.h">
      <Filter>Resource Files\Header Files</Filter>
    </ClInclude>
    <ClInclude Include="stb_image.h">
      <Filter>Resource Files\Header Files</Filter>
    </ClInclude>
    <ClInclude Include="texture.h">
      <Filter>Resource Files\Header Files</Filter>
    </ClInclude>
    <ClInclude Include="mesh.h">
      <Filter>Resource Files\Header Files</Filter>
    </ClInclude>
    <ClInclude Include="MovableGLM.h">
      <Filter>Resource Files\Header Files</Filter>
    </ClInclude>
    <ClInclude Include="obj_loader.h">
      <Filter>Resource Files\Header Files</Filter>
    </ClInclude>
    <ClInclude Include="scene.h">
      <Filter>Resource Files\Header Files</Filter>
    </ClInclude>
    <ClInclude Include="shader.h">
      <Filter>Resource Files\Header Files</Filter>
    </ClInclude>
    <ClInclude Include="camera.h">
      <Filter>Resource Files\Header Files</Filter>
    </ClInclude>
    <ClInclude Include="EulerAngles.h">
      <Filter>Resource Files\Header Files</Filter>
    </ClInclude>
    <ClInclude Include="lineMesh.h">
      <Filter>Resource Files\Header Files</Filter>
    </ClInclude>
    <ClInclude Include="curves.h">
      <Filter>Resource Files\Header Files</Filter>
    </ClInclude>
    <ClInclude Include="..\display\kdtree.h">
      <Filter>Resource Files\Header Files</Filter>
    </ClInclude>
  </ItemGroup>
</Project>